// !$*UTF8*$!
{
	archiveVersion = 1;
	classes = {
	};
	objectVersion = 46;
	objects = {

/* Begin PBXBuildFile section */
		040764001D43512600DFBD0F /* KeyboardCollectionViewController.swift in Sources */ = {isa = PBXBuildFile; fileRef = 040763FF1D43512600DFBD0F /* KeyboardCollectionViewController.swift */; };
		04423E851D40A8270049C6F2 /* KeyboardCollectionView.xib in Resources */ = {isa = PBXBuildFile; fileRef = 04423E841D40A8270049C6F2 /* KeyboardCollectionView.xib */; };
		04423E871D40A8A30049C6F2 /* KeyboardCollectionView.swift in Sources */ = {isa = PBXBuildFile; fileRef = 04423E861D40A8A30049C6F2 /* KeyboardCollectionView.swift */; };
		04423EC51D40ACBD0049C6F2 /* KeyCollectionViewCell.xib in Resources */ = {isa = PBXBuildFile; fileRef = 04423EC41D40ACBD0049C6F2 /* KeyCollectionViewCell.xib */; };
		04423EC71D40ACEA0049C6F2 /* KeyCollectionViewCell.swift in Sources */ = {isa = PBXBuildFile; fileRef = 04423EC61D40ACEA0049C6F2 /* KeyCollectionViewCell.swift */; };
		04423EC91D40B2A50049C6F2 /* SimpleView.xib in Resources */ = {isa = PBXBuildFile; fileRef = 04423EC81D40B2A50049C6F2 /* SimpleView.xib */; };
		0456C9CE1D433B75009095A0 /* KeyboardKeyElement.swift in Sources */ = {isa = PBXBuildFile; fileRef = 0456C9CD1D433B75009095A0 /* KeyboardKeyElement.swift */; };
		0456C9D01D43441B009095A0 /* Model.swift in Sources */ = {isa = PBXBuildFile; fileRef = 0456C9CF1D43441B009095A0 /* Model.swift */; };
		0456C9D21D434457009095A0 /* IModelFactory.swift in Sources */ = {isa = PBXBuildFile; fileRef = 0456C9D11D434457009095A0 /* IModelFactory.swift */; };
		0456C9D41D4344A0009095A0 /* ModelFactory.swift in Sources */ = {isa = PBXBuildFile; fileRef = 0456C9D31D4344A0009095A0 /* ModelFactory.swift */; };
		0456C9D51D4345E7009095A0 /* Model.swift in Sources */ = {isa = PBXBuildFile; fileRef = 0456C9CF1D43441B009095A0 /* Model.swift */; };
		0475AAA51D40E81600080EE8 /* DisplayCollectionViewCell.xib in Resources */ = {isa = PBXBuildFile; fileRef = 0475AAA41D40E81600080EE8 /* DisplayCollectionViewCell.xib */; };
		0475AAA71D40E85600080EE8 /* DisplayCollectionViewCell.swift in Sources */ = {isa = PBXBuildFile; fileRef = 0475AAA61D40E85600080EE8 /* DisplayCollectionViewCell.swift */; };
		0483D3A31D435F4D006DA600 /* KeyboardViewController.swift in Sources */ = {isa = PBXBuildFile; fileRef = 0483D3A21D435F4D006DA600 /* KeyboardViewController.swift */; };
		0483D3A81D435F4D006DA600 /* CalculatorKeyboard.appex in Embed App Extensions */ = {isa = PBXBuildFile; fileRef = 0483D3A01D435F4D006DA600 /* CalculatorKeyboard.appex */; settings = {ATTRIBUTES = (RemoveHeadersOnCopy, ); }; };
		0483D3AD1D43609A006DA600 /* KeyboardCollectionViewController.swift in Sources */ = {isa = PBXBuildFile; fileRef = 040763FF1D43512600DFBD0F /* KeyboardCollectionViewController.swift */; };
		0483D3AE1D4361AA006DA600 /* KeyboardCollectionView.swift in Sources */ = {isa = PBXBuildFile; fileRef = 04423E861D40A8A30049C6F2 /* KeyboardCollectionView.swift */; };
		0483D3AF1D4361BF006DA600 /* KeyboardKeyElement.swift in Sources */ = {isa = PBXBuildFile; fileRef = 0456C9CD1D433B75009095A0 /* KeyboardKeyElement.swift */; };
		0483D3B01D4361CA006DA600 /* Model.swift in Sources */ = {isa = PBXBuildFile; fileRef = 0456C9CF1D43441B009095A0 /* Model.swift */; };
		0483D3B11D4361D2006DA600 /* IModelFactory.swift in Sources */ = {isa = PBXBuildFile; fileRef = 0456C9D11D434457009095A0 /* IModelFactory.swift */; };
		0483D3B21D4361DB006DA600 /* DisplayCollectionViewCell.swift in Sources */ = {isa = PBXBuildFile; fileRef = 0475AAA61D40E85600080EE8 /* DisplayCollectionViewCell.swift */; };
		0483D3B31D4361E2006DA600 /* KeyCollectionViewCell.swift in Sources */ = {isa = PBXBuildFile; fileRef = 04423EC61D40ACEA0049C6F2 /* KeyCollectionViewCell.swift */; };
		0483D3B81D4364DA006DA600 /* ICalculatorProxy.swift in Sources */ = {isa = PBXBuildFile; fileRef = 0483D3B61D4364DA006DA600 /* ICalculatorProxy.swift */; };
		0483D3B91D4364DA006DA600 /* ICalculatorProxy.swift in Sources */ = {isa = PBXBuildFile; fileRef = 0483D3B61D4364DA006DA600 /* ICalculatorProxy.swift */; };
		0483D3BA1D4364DA006DA600 /* CalculatorProxy.swift in Sources */ = {isa = PBXBuildFile; fileRef = 0483D3B71D4364DA006DA600 /* CalculatorProxy.swift */; };
		0483D3BB1D4364DA006DA600 /* CalculatorProxy.swift in Sources */ = {isa = PBXBuildFile; fileRef = 0483D3B71D4364DA006DA600 /* CalculatorProxy.swift */; };
		0483D3BD1D4364E2006DA600 /* CalculatorCommands.swift in Sources */ = {isa = PBXBuildFile; fileRef = 0483D3BC1D4364E2006DA600 /* CalculatorCommands.swift */; };
		0483D3BE1D4364E2006DA600 /* CalculatorCommands.swift in Sources */ = {isa = PBXBuildFile; fileRef = 0483D3BC1D4364E2006DA600 /* CalculatorCommands.swift */; };
		0483D3C01D43660F006DA600 /* SimpleView.xib in Resources */ = {isa = PBXBuildFile; fileRef = 04423EC81D40B2A50049C6F2 /* SimpleView.xib */; };
		0483D3C11D436618006DA600 /* DisplayCollectionViewCell.xib in Resources */ = {isa = PBXBuildFile; fileRef = 0475AAA41D40E81600080EE8 /* DisplayCollectionViewCell.xib */; };
		0483D3C21D436621006DA600 /* KeyCollectionViewCell.xib in Resources */ = {isa = PBXBuildFile; fileRef = 04423EC41D40ACBD0049C6F2 /* KeyCollectionViewCell.xib */; };
		0483D3C31D436624006DA600 /* KeyboardCollectionView.xib in Resources */ = {isa = PBXBuildFile; fileRef = 04423E841D40A8270049C6F2 /* KeyboardCollectionView.xib */; };
		0483D3C41D43678D006DA600 /* ModelFactory.swift in Sources */ = {isa = PBXBuildFile; fileRef = 0456C9D31D4344A0009095A0 /* ModelFactory.swift */; };
		04C1C1EE1D43801E0029DA7C /* KeyboardKeyElements.swift in Sources */ = {isa = PBXBuildFile; fileRef = 04C1C1ED1D43801E0029DA7C /* KeyboardKeyElements.swift */; };
		04C1C1EF1D43801E0029DA7C /* KeyboardKeyElements.swift in Sources */ = {isa = PBXBuildFile; fileRef = 04C1C1ED1D43801E0029DA7C /* KeyboardKeyElements.swift */; };
		04C1C1F11D4380920029DA7C /* PortraitElements.plist in Resources */ = {isa = PBXBuildFile; fileRef = 04C1C1F01D4380920029DA7C /* PortraitElements.plist */; };
		04C1C1F21D4380920029DA7C /* PortraitElements.plist in Resources */ = {isa = PBXBuildFile; fileRef = 04C1C1F01D4380920029DA7C /* PortraitElements.plist */; };
		04C1C1F41D4390C30029DA7C /* LeftLandscape.plist in Resources */ = {isa = PBXBuildFile; fileRef = 04C1C1F31D4390C30029DA7C /* LeftLandscape.plist */; };
		04C1C1F51D4390C30029DA7C /* LeftLandscape.plist in Resources */ = {isa = PBXBuildFile; fileRef = 04C1C1F31D4390C30029DA7C /* LeftLandscape.plist */; };
		04C1C1F71D4392FB0029DA7C /* MiddleLandscape.plist in Resources */ = {isa = PBXBuildFile; fileRef = 04C1C1F61D4392FB0029DA7C /* MiddleLandscape.plist */; };
		04C1C1F81D4392FB0029DA7C /* MiddleLandscape.plist in Resources */ = {isa = PBXBuildFile; fileRef = 04C1C1F61D4392FB0029DA7C /* MiddleLandscape.plist */; };
		04C1C1FA1D4393090029DA7C /* RightLandscape.plist in Resources */ = {isa = PBXBuildFile; fileRef = 04C1C1F91D4393090029DA7C /* RightLandscape.plist */; };
		04C1C1FB1D4393090029DA7C /* RightLandscape.plist in Resources */ = {isa = PBXBuildFile; fileRef = 04C1C1F91D4393090029DA7C /* RightLandscape.plist */; };
		04C1C1FD1D43953F0029DA7C /* Themes.plist in Resources */ = {isa = PBXBuildFile; fileRef = 04C1C1FC1D43953F0029DA7C /* Themes.plist */; };
		04C1C1FE1D43953F0029DA7C /* Themes.plist in Resources */ = {isa = PBXBuildFile; fileRef = 04C1C1FC1D43953F0029DA7C /* Themes.plist */; };
		04C44F571D409C0600D32644 /* AppDelegate.swift in Sources */ = {isa = PBXBuildFile; fileRef = 04C44F561D409C0600D32644 /* AppDelegate.swift */; };
		04C44F591D409C0600D32644 /* ViewController.swift in Sources */ = {isa = PBXBuildFile; fileRef = 04C44F581D409C0600D32644 /* ViewController.swift */; };
		04C44F5C1D409C0600D32644 /* Main.storyboard in Resources */ = {isa = PBXBuildFile; fileRef = 04C44F5A1D409C0600D32644 /* Main.storyboard */; };
		04C44F5E1D409C0700D32644 /* Assets.xcassets in Resources */ = {isa = PBXBuildFile; fileRef = 04C44F5D1D409C0700D32644 /* Assets.xcassets */; };
		04C44F611D409C0700D32644 /* LaunchScreen.storyboard in Resources */ = {isa = PBXBuildFile; fileRef = 04C44F5F1D409C0700D32644 /* LaunchScreen.storyboard */; };
		04C44F6C1D409C0700D32644 /* CalculatorTests.swift in Sources */ = {isa = PBXBuildFile; fileRef = 04C44F6B1D409C0700D32644 /* CalculatorTests.swift */; };
		04C44F771D409C0700D32644 /* CalculatorUITests.swift in Sources */ = {isa = PBXBuildFile; fileRef = 04C44F761D409C0700D32644 /* CalculatorUITests.swift */; };
/* End PBXBuildFile section */

/* Begin PBXContainerItemProxy section */
		0483D3A51D435F4D006DA600 /* PBXContainerItemProxy */ = {
			isa = PBXContainerItemProxy;
			containerPortal = 04C44F4B1D409C0600D32644 /* Project object */;
			proxyType = 1;
			remoteGlobalIDString = 0483D39F1D435F4D006DA600;
			remoteInfo = CalculatorKeyboard;
		};
		04C44F681D409C0700D32644 /* PBXContainerItemProxy */ = {
			isa = PBXContainerItemProxy;
			containerPortal = 04C44F4B1D409C0600D32644 /* Project object */;
			proxyType = 1;
			remoteGlobalIDString = 04C44F521D409C0600D32644;
			remoteInfo = Calculator;
		};
		04C44F731D409C0700D32644 /* PBXContainerItemProxy */ = {
			isa = PBXContainerItemProxy;
			containerPortal = 04C44F4B1D409C0600D32644 /* Project object */;
			proxyType = 1;
			remoteGlobalIDString = 04C44F521D409C0600D32644;
			remoteInfo = Calculator;
		};
/* End PBXContainerItemProxy section */

/* Begin PBXCopyFilesBuildPhase section */
		04423E831D40A0690049C6F2 /* Embed Frameworks */ = {
			isa = PBXCopyFilesBuildPhase;
			buildActionMask = 2147483647;
			dstPath = "";
			dstSubfolderSpec = 10;
			files = (
			);
			name = "Embed Frameworks";
			runOnlyForDeploymentPostprocessing = 0;
		};
		0483D3A71D435F4D006DA600 /* Embed App Extensions */ = {
			isa = PBXCopyFilesBuildPhase;
			buildActionMask = 2147483647;
			dstPath = "";
			dstSubfolderSpec = 13;
			files = (
				0483D3A81D435F4D006DA600 /* CalculatorKeyboard.appex in Embed App Extensions */,
			);
			name = "Embed App Extensions";
			runOnlyForDeploymentPostprocessing = 0;
		};
/* End PBXCopyFilesBuildPhase section */

/* Begin PBXFileReference section */
		040763FF1D43512600DFBD0F /* KeyboardCollectionViewController.swift */ = {isa = PBXFileReference; fileEncoding = 4; lastKnownFileType = sourcecode.swift; path = KeyboardCollectionViewController.swift; sourceTree = "<group>"; };
		04423E841D40A8270049C6F2 /* KeyboardCollectionView.xib */ = {isa = PBXFileReference; fileEncoding = 4; lastKnownFileType = file.xib; path = KeyboardCollectionView.xib; sourceTree = "<group>"; };
		04423E861D40A8A30049C6F2 /* KeyboardCollectionView.swift */ = {isa = PBXFileReference; fileEncoding = 4; lastKnownFileType = sourcecode.swift; path = KeyboardCollectionView.swift; sourceTree = "<group>"; };
		04423EC41D40ACBD0049C6F2 /* KeyCollectionViewCell.xib */ = {isa = PBXFileReference; fileEncoding = 4; lastKnownFileType = file.xib; path = KeyCollectionViewCell.xib; sourceTree = "<group>"; };
		04423EC61D40ACEA0049C6F2 /* KeyCollectionViewCell.swift */ = {isa = PBXFileReference; fileEncoding = 4; lastKnownFileType = sourcecode.swift; path = KeyCollectionViewCell.swift; sourceTree = "<group>"; };
		04423EC81D40B2A50049C6F2 /* SimpleView.xib */ = {isa = PBXFileReference; fileEncoding = 4; lastKnownFileType = file.xib; path = SimpleView.xib; sourceTree = "<group>"; };
		0456C9CD1D433B75009095A0 /* KeyboardKeyElement.swift */ = {isa = PBXFileReference; fileEncoding = 4; lastKnownFileType = sourcecode.swift; path = KeyboardKeyElement.swift; sourceTree = "<group>"; };
		0456C9CF1D43441B009095A0 /* Model.swift */ = {isa = PBXFileReference; fileEncoding = 4; lastKnownFileType = sourcecode.swift; path = Model.swift; sourceTree = "<group>"; };
		0456C9D11D434457009095A0 /* IModelFactory.swift */ = {isa = PBXFileReference; fileEncoding = 4; lastKnownFileType = sourcecode.swift; path = IModelFactory.swift; sourceTree = "<group>"; };
		0456C9D31D4344A0009095A0 /* ModelFactory.swift */ = {isa = PBXFileReference; fileEncoding = 4; lastKnownFileType = sourcecode.swift; path = ModelFactory.swift; sourceTree = "<group>"; };
		0475AAA41D40E81600080EE8 /* DisplayCollectionViewCell.xib */ = {isa = PBXFileReference; fileEncoding = 4; lastKnownFileType = file.xib; path = DisplayCollectionViewCell.xib; sourceTree = "<group>"; };
		0475AAA61D40E85600080EE8 /* DisplayCollectionViewCell.swift */ = {isa = PBXFileReference; fileEncoding = 4; lastKnownFileType = sourcecode.swift; path = DisplayCollectionViewCell.swift; sourceTree = "<group>"; };
		0483D3A01D435F4D006DA600 /* CalculatorKeyboard.appex */ = {isa = PBXFileReference; explicitFileType = "wrapper.app-extension"; includeInIndex = 0; path = CalculatorKeyboard.appex; sourceTree = BUILT_PRODUCTS_DIR; };
		0483D3A21D435F4D006DA600 /* KeyboardViewController.swift */ = {isa = PBXFileReference; lastKnownFileType = sourcecode.swift; path = KeyboardViewController.swift; sourceTree = "<group>"; };
		0483D3A41D435F4D006DA600 /* Info.plist */ = {isa = PBXFileReference; lastKnownFileType = text.plist.xml; path = Info.plist; sourceTree = "<group>"; };
		0483D3B61D4364DA006DA600 /* ICalculatorProxy.swift */ = {isa = PBXFileReference; fileEncoding = 4; lastKnownFileType = sourcecode.swift; path = ICalculatorProxy.swift; sourceTree = "<group>"; };
		0483D3B71D4364DA006DA600 /* CalculatorProxy.swift */ = {isa = PBXFileReference; fileEncoding = 4; lastKnownFileType = sourcecode.swift; path = CalculatorProxy.swift; sourceTree = "<group>"; };
		0483D3BC1D4364E2006DA600 /* CalculatorCommands.swift */ = {isa = PBXFileReference; fileEncoding = 4; lastKnownFileType = sourcecode.swift; path = CalculatorCommands.swift; sourceTree = "<group>"; };
		04C1C1ED1D43801E0029DA7C /* KeyboardKeyElements.swift */ = {isa = PBXFileReference; fileEncoding = 4; lastKnownFileType = sourcecode.swift; path = KeyboardKeyElements.swift; sourceTree = "<group>"; };
		04C1C1F01D4380920029DA7C /* PortraitElements.plist */ = {isa = PBXFileReference; fileEncoding = 4; lastKnownFileType = text.plist.xml; path = PortraitElements.plist; sourceTree = "<group>"; };
		04C1C1F31D4390C30029DA7C /* LeftLandscape.plist */ = {isa = PBXFileReference; fileEncoding = 4; lastKnownFileType = text.plist.xml; path = LeftLandscape.plist; sourceTree = "<group>"; };
		04C1C1F61D4392FB0029DA7C /* MiddleLandscape.plist */ = {isa = PBXFileReference; fileEncoding = 4; lastKnownFileType = text.plist.xml; path = MiddleLandscape.plist; sourceTree = "<group>"; };
		04C1C1F91D4393090029DA7C /* RightLandscape.plist */ = {isa = PBXFileReference; fileEncoding = 4; lastKnownFileType = text.plist.xml; path = RightLandscape.plist; sourceTree = "<group>"; };
		04C1C1FC1D43953F0029DA7C /* Themes.plist */ = {isa = PBXFileReference; fileEncoding = 4; lastKnownFileType = text.plist.xml; path = Themes.plist; sourceTree = "<group>"; };
		04C44F531D409C0600D32644 /* Calculator.app */ = {isa = PBXFileReference; explicitFileType = wrapper.application; includeInIndex = 0; path = Calculator.app; sourceTree = BUILT_PRODUCTS_DIR; };
		04C44F561D409C0600D32644 /* AppDelegate.swift */ = {isa = PBXFileReference; lastKnownFileType = sourcecode.swift; path = AppDelegate.swift; sourceTree = "<group>"; };
		04C44F581D409C0600D32644 /* ViewController.swift */ = {isa = PBXFileReference; lastKnownFileType = sourcecode.swift; path = ViewController.swift; sourceTree = "<group>"; };
		04C44F5B1D409C0600D32644 /* Base */ = {isa = PBXFileReference; lastKnownFileType = file.storyboard; name = Base; path = Base.lproj/Main.storyboard; sourceTree = "<group>"; };
		04C44F5D1D409C0700D32644 /* Assets.xcassets */ = {isa = PBXFileReference; lastKnownFileType = folder.assetcatalog; path = Assets.xcassets; sourceTree = "<group>"; };
		04C44F601D409C0700D32644 /* Base */ = {isa = PBXFileReference; lastKnownFileType = file.storyboard; name = Base; path = Base.lproj/LaunchScreen.storyboard; sourceTree = "<group>"; };
		04C44F621D409C0700D32644 /* Info.plist */ = {isa = PBXFileReference; lastKnownFileType = text.plist.xml; path = Info.plist; sourceTree = "<group>"; };
		04C44F671D409C0700D32644 /* CalculatorTests.xctest */ = {isa = PBXFileReference; explicitFileType = wrapper.cfbundle; includeInIndex = 0; path = CalculatorTests.xctest; sourceTree = BUILT_PRODUCTS_DIR; };
		04C44F6B1D409C0700D32644 /* CalculatorTests.swift */ = {isa = PBXFileReference; lastKnownFileType = sourcecode.swift; path = CalculatorTests.swift; sourceTree = "<group>"; };
		04C44F6D1D409C0700D32644 /* Info.plist */ = {isa = PBXFileReference; lastKnownFileType = text.plist.xml; path = Info.plist; sourceTree = "<group>"; };
		04C44F721D409C0700D32644 /* CalculatorUITests.xctest */ = {isa = PBXFileReference; explicitFileType = wrapper.cfbundle; includeInIndex = 0; path = CalculatorUITests.xctest; sourceTree = BUILT_PRODUCTS_DIR; };
		04C44F761D409C0700D32644 /* CalculatorUITests.swift */ = {isa = PBXFileReference; lastKnownFileType = sourcecode.swift; path = CalculatorUITests.swift; sourceTree = "<group>"; };
		04C44F781D409C0700D32644 /* Info.plist */ = {isa = PBXFileReference; lastKnownFileType = text.plist.xml; path = Info.plist; sourceTree = "<group>"; };
/* End PBXFileReference section */

/* Begin PBXFrameworksBuildPhase section */
		0483D39D1D435F4D006DA600 /* Frameworks */ = {
			isa = PBXFrameworksBuildPhase;
			buildActionMask = 2147483647;
			files = (
			);
			runOnlyForDeploymentPostprocessing = 0;
		};
		04C44F501D409C0600D32644 /* Frameworks */ = {
			isa = PBXFrameworksBuildPhase;
			buildActionMask = 2147483647;
			files = (
			);
			runOnlyForDeploymentPostprocessing = 0;
		};
		04C44F641D409C0700D32644 /* Frameworks */ = {
			isa = PBXFrameworksBuildPhase;
			buildActionMask = 2147483647;
			files = (
			);
			runOnlyForDeploymentPostprocessing = 0;
		};
		04C44F6F1D409C0700D32644 /* Frameworks */ = {
			isa = PBXFrameworksBuildPhase;
			buildActionMask = 2147483647;
			files = (
			);
			runOnlyForDeploymentPostprocessing = 0;
		};
/* End PBXFrameworksBuildPhase section */

/* Begin PBXGroup section */
		0483D3A11D435F4D006DA600 /* CalculatorKeyboard */ = {
			isa = PBXGroup;
			children = (
				0483D3A21D435F4D006DA600 /* KeyboardViewController.swift */,
				0483D3A41D435F4D006DA600 /* Info.plist */,
			);
			path = CalculatorKeyboard;
			sourceTree = "<group>";
		};
		0483D3B41D4364A8006DA600 /* Model */ = {
			isa = PBXGroup;
			children = (
				0483D3B61D4364DA006DA600 /* ICalculatorProxy.swift */,
				0483D3B71D4364DA006DA600 /* CalculatorProxy.swift */,
			);
			name = Model;
			sourceTree = "<group>";
		};
		0483D3B51D4364B1006DA600 /* Controller */ = {
			isa = PBXGroup;
			children = (
				0483D3BC1D4364E2006DA600 /* CalculatorCommands.swift */,
			);
			name = Controller;
			sourceTree = "<group>";
		};
		0483D3BF1D43653C006DA600 /* View */ = {
			isa = PBXGroup;
			children = (
				04C1C1EC1D437FE90029DA7C /* Elements */,
				04C44F581D409C0600D32644 /* ViewController.swift */,
				0456C9CF1D43441B009095A0 /* Model.swift */,
				0456C9D11D434457009095A0 /* IModelFactory.swift */,
				0456C9D31D4344A0009095A0 /* ModelFactory.swift */,
				040763FF1D43512600DFBD0F /* KeyboardCollectionViewController.swift */,
				04423E841D40A8270049C6F2 /* KeyboardCollectionView.xib */,
				04423E861D40A8A30049C6F2 /* KeyboardCollectionView.swift */,
				04423EC41D40ACBD0049C6F2 /* KeyCollectionViewCell.xib */,
				04423EC61D40ACEA0049C6F2 /* KeyCollectionViewCell.swift */,
				04423EC81D40B2A50049C6F2 /* SimpleView.xib */,
				0475AAA41D40E81600080EE8 /* DisplayCollectionViewCell.xib */,
				0475AAA61D40E85600080EE8 /* DisplayCollectionViewCell.swift */,
			);
			name = View;
			sourceTree = "<group>";
		};
		04C1C1EC1D437FE90029DA7C /* Elements */ = {
			isa = PBXGroup;
			children = (
				0456C9CD1D433B75009095A0 /* KeyboardKeyElement.swift */,
				04C1C1ED1D43801E0029DA7C /* KeyboardKeyElements.swift */,
			);
			name = Elements;
			sourceTree = "<group>";
		};
		04C44F4A1D409C0600D32644 = {
			isa = PBXGroup;
			children = (
				04C44F551D409C0600D32644 /* Calculator */,
				04C44F6A1D409C0700D32644 /* CalculatorTests */,
				04C44F751D409C0700D32644 /* CalculatorUITests */,
				0483D3A11D435F4D006DA600 /* CalculatorKeyboard */,
				04C44F541D409C0600D32644 /* Products */,
			);
			sourceTree = "<group>";
		};
		04C44F541D409C0600D32644 /* Products */ = {
			isa = PBXGroup;
			children = (
				04C44F531D409C0600D32644 /* Calculator.app */,
				04C44F671D409C0700D32644 /* CalculatorTests.xctest */,
				04C44F721D409C0700D32644 /* CalculatorUITests.xctest */,
				0483D3A01D435F4D006DA600 /* CalculatorKeyboard.appex */,
			);
			name = Products;
			sourceTree = "<group>";
		};
		04C44F551D409C0600D32644 /* Calculator */ = {
			isa = PBXGroup;
			children = (
				0483D3B41D4364A8006DA600 /* Model */,
				0483D3B51D4364B1006DA600 /* Controller */,
				0483D3BF1D43653C006DA600 /* View */,
				04C44F561D409C0600D32644 /* AppDelegate.swift */,
				04C44F5A1D409C0600D32644 /* Main.storyboard */,
				04C44F5D1D409C0700D32644 /* Assets.xcassets */,
				04C44F5F1D409C0700D32644 /* LaunchScreen.storyboard */,
				04C44F621D409C0700D32644 /* Info.plist */,
				04C1C1F01D4380920029DA7C /* PortraitElements.plist */,
				04C1C1F31D4390C30029DA7C /* LeftLandscape.plist */,
				04C1C1F61D4392FB0029DA7C /* MiddleLandscape.plist */,
				04C1C1F91D4393090029DA7C /* RightLandscape.plist */,
				04C1C1FC1D43953F0029DA7C /* Themes.plist */,
			);
			path = Calculator;
			sourceTree = "<group>";
		};
		04C44F6A1D409C0700D32644 /* CalculatorTests */ = {
			isa = PBXGroup;
			children = (
				04C44F6B1D409C0700D32644 /* CalculatorTests.swift */,
				04C44F6D1D409C0700D32644 /* Info.plist */,
			);
			path = CalculatorTests;
			sourceTree = "<group>";
		};
		04C44F751D409C0700D32644 /* CalculatorUITests */ = {
			isa = PBXGroup;
			children = (
				04C44F761D409C0700D32644 /* CalculatorUITests.swift */,
				04C44F781D409C0700D32644 /* Info.plist */,
			);
			path = CalculatorUITests;
			sourceTree = "<group>";
		};
/* End PBXGroup section */

/* Begin PBXNativeTarget section */
		0483D39F1D435F4D006DA600 /* CalculatorKeyboard */ = {
			isa = PBXNativeTarget;
			buildConfigurationList = 0483D3AB1D435F4D006DA600 /* Build configuration list for PBXNativeTarget "CalculatorKeyboard" */;
			buildPhases = (
				0483D39C1D435F4D006DA600 /* Sources */,
				0483D39D1D435F4D006DA600 /* Frameworks */,
				0483D39E1D435F4D006DA600 /* Resources */,
			);
			buildRules = (
			);
			dependencies = (
			);
			name = CalculatorKeyboard;
			productName = CalculatorKeyboard;
			productReference = 0483D3A01D435F4D006DA600 /* CalculatorKeyboard.appex */;
			productType = "com.apple.product-type.app-extension";
		};
		04C44F521D409C0600D32644 /* Calculator */ = {
			isa = PBXNativeTarget;
			buildConfigurationList = 04C44F7B1D409C0700D32644 /* Build configuration list for PBXNativeTarget "Calculator" */;
			buildPhases = (
				04C44F4F1D409C0600D32644 /* Sources */,
				04C44F501D409C0600D32644 /* Frameworks */,
				04C44F511D409C0600D32644 /* Resources */,
				04423E831D40A0690049C6F2 /* Embed Frameworks */,
				0483D3A71D435F4D006DA600 /* Embed App Extensions */,
			);
			buildRules = (
			);
			dependencies = (
				0483D3A61D435F4D006DA600 /* PBXTargetDependency */,
			);
			name = Calculator;
			productName = Calculator;
			productReference = 04C44F531D409C0600D32644 /* Calculator.app */;
			productType = "com.apple.product-type.application";
		};
		04C44F661D409C0700D32644 /* CalculatorTests */ = {
			isa = PBXNativeTarget;
			buildConfigurationList = 04C44F7E1D409C0700D32644 /* Build configuration list for PBXNativeTarget "CalculatorTests" */;
			buildPhases = (
				04C44F631D409C0700D32644 /* Sources */,
				04C44F641D409C0700D32644 /* Frameworks */,
				04C44F651D409C0700D32644 /* Resources */,
			);
			buildRules = (
			);
			dependencies = (
				04C44F691D409C0700D32644 /* PBXTargetDependency */,
			);
			name = CalculatorTests;
			productName = CalculatorTests;
			productReference = 04C44F671D409C0700D32644 /* CalculatorTests.xctest */;
			productType = "com.apple.product-type.bundle.unit-test";
		};
		04C44F711D409C0700D32644 /* CalculatorUITests */ = {
			isa = PBXNativeTarget;
			buildConfigurationList = 04C44F811D409C0700D32644 /* Build configuration list for PBXNativeTarget "CalculatorUITests" */;
			buildPhases = (
				04C44F6E1D409C0700D32644 /* Sources */,
				04C44F6F1D409C0700D32644 /* Frameworks */,
				04C44F701D409C0700D32644 /* Resources */,
			);
			buildRules = (
			);
			dependencies = (
				04C44F741D409C0700D32644 /* PBXTargetDependency */,
			);
			name = CalculatorUITests;
			productName = CalculatorUITests;
			productReference = 04C44F721D409C0700D32644 /* CalculatorUITests.xctest */;
			productType = "com.apple.product-type.bundle.ui-testing";
		};
/* End PBXNativeTarget section */

/* Begin PBXProject section */
		04C44F4B1D409C0600D32644 /* Project object */ = {
			isa = PBXProject;
			attributes = {
				LastSwiftUpdateCheck = 0730;
				LastUpgradeCheck = 0730;
				ORGANIZATIONNAME = "Avi Cohen";
				TargetAttributes = {
					0483D39F1D435F4D006DA600 = {
						CreatedOnToolsVersion = 7.3.1;
					};
					04C44F521D409C0600D32644 = {
						CreatedOnToolsVersion = 7.3.1;
					};
					04C44F661D409C0700D32644 = {
						CreatedOnToolsVersion = 7.3.1;
						TestTargetID = 04C44F521D409C0600D32644;
					};
					04C44F711D409C0700D32644 = {
						CreatedOnToolsVersion = 7.3.1;
						TestTargetID = 04C44F521D409C0600D32644;
					};
				};
			};
			buildConfigurationList = 04C44F4E1D409C0600D32644 /* Build configuration list for PBXProject "Calculator" */;
			compatibilityVersion = "Xcode 3.2";
			developmentRegion = English;
			hasScannedForEncodings = 0;
			knownRegions = (
				en,
				Base,
			);
			mainGroup = 04C44F4A1D409C0600D32644;
			productRefGroup = 04C44F541D409C0600D32644 /* Products */;
			projectDirPath = "";
			projectRoot = "";
			targets = (
				04C44F521D409C0600D32644 /* Calculator */,
				04C44F661D409C0700D32644 /* CalculatorTests */,
				04C44F711D409C0700D32644 /* CalculatorUITests */,
				0483D39F1D435F4D006DA600 /* CalculatorKeyboard */,
			);
		};
/* End PBXProject section */

/* Begin PBXResourcesBuildPhase section */
		0483D39E1D435F4D006DA600 /* Resources */ = {
			isa = PBXResourcesBuildPhase;
			buildActionMask = 2147483647;
			files = (
				0483D3C21D436621006DA600 /* KeyCollectionViewCell.xib in Resources */,
				04C1C1F81D4392FB0029DA7C /* MiddleLandscape.plist in Resources */,
				0483D3C01D43660F006DA600 /* SimpleView.xib in Resources */,
				04C1C1FE1D43953F0029DA7C /* Themes.plist in Resources */,
				0483D3C11D436618006DA600 /* DisplayCollectionViewCell.xib in Resources */,
				0483D3C31D436624006DA600 /* KeyboardCollectionView.xib in Resources */,
				04C1C1F21D4380920029DA7C /* PortraitElements.plist in Resources */,
				04C1C1F51D4390C30029DA7C /* LeftLandscape.plist in Resources */,
				04C1C1FB1D4393090029DA7C /* RightLandscape.plist in Resources */,
			);
			runOnlyForDeploymentPostprocessing = 0;
		};
		04C44F511D409C0600D32644 /* Resources */ = {
			isa = PBXResourcesBuildPhase;
			buildActionMask = 2147483647;
			files = (
				04C1C1FD1D43953F0029DA7C /* Themes.plist in Resources */,
				0475AAA51D40E81600080EE8 /* DisplayCollectionViewCell.xib in Resources */,
				04423EC91D40B2A50049C6F2 /* SimpleView.xib in Resources */,
				04C44F611D409C0700D32644 /* LaunchScreen.storyboard in Resources */,
				04C44F5E1D409C0700D32644 /* Assets.xcassets in Resources */,
				04C44F5C1D409C0600D32644 /* Main.storyboard in Resources */,
				04C1C1F41D4390C30029DA7C /* LeftLandscape.plist in Resources */,
				04C1C1FA1D4393090029DA7C /* RightLandscape.plist in Resources */,
				04C1C1F11D4380920029DA7C /* PortraitElements.plist in Resources */,
				04423EC51D40ACBD0049C6F2 /* KeyCollectionViewCell.xib in Resources */,
				04423E851D40A8270049C6F2 /* KeyboardCollectionView.xib in Resources */,
				04C1C1F71D4392FB0029DA7C /* MiddleLandscape.plist in Resources */,
			);
			runOnlyForDeploymentPostprocessing = 0;
		};
		04C44F651D409C0700D32644 /* Resources */ = {
			isa = PBXResourcesBuildPhase;
			buildActionMask = 2147483647;
			files = (
			);
			runOnlyForDeploymentPostprocessing = 0;
		};
		04C44F701D409C0700D32644 /* Resources */ = {
			isa = PBXResourcesBuildPhase;
			buildActionMask = 2147483647;
			files = (
			);
			runOnlyForDeploymentPostprocessing = 0;
		};
/* End PBXResourcesBuildPhase section */

/* Begin PBXSourcesBuildPhase section */
		0483D39C1D435F4D006DA600 /* Sources */ = {
			isa = PBXSourcesBuildPhase;
			buildActionMask = 2147483647;
			files = (
				0483D3B01D4361CA006DA600 /* Model.swift in Sources */,
				0483D3AE1D4361AA006DA600 /* KeyboardCollectionView.swift in Sources */,
				0483D3C41D43678D006DA600 /* ModelFactory.swift in Sources */,
				0483D3A31D435F4D006DA600 /* KeyboardViewController.swift in Sources */,
				0483D3B91D4364DA006DA600 /* ICalculatorProxy.swift in Sources */,
				0483D3B21D4361DB006DA600 /* DisplayCollectionViewCell.swift in Sources */,
				0483D3AD1D43609A006DA600 /* KeyboardCollectionViewController.swift in Sources */,
				04C1C1EF1D43801E0029DA7C /* KeyboardKeyElements.swift in Sources */,
				0483D3BE1D4364E2006DA600 /* CalculatorCommands.swift in Sources */,
				0483D3BB1D4364DA006DA600 /* CalculatorProxy.swift in Sources */,
				0483D3B11D4361D2006DA600 /* IModelFactory.swift in Sources */,
				0483D3B31D4361E2006DA600 /* KeyCollectionViewCell.swift in Sources */,
				0483D3AF1D4361BF006DA600 /* KeyboardKeyElement.swift in Sources */,
			);
			runOnlyForDeploymentPostprocessing = 0;
		};
		04C44F4F1D409C0600D32644 /* Sources */ = {
			isa = PBXSourcesBuildPhase;
			buildActionMask = 2147483647;
			files = (
				0483D3BA1D4364DA006DA600 /* CalculatorProxy.swift in Sources */,
				0456C9D21D434457009095A0 /* IModelFactory.swift in Sources */,
				0483D3B81D4364DA006DA600 /* ICalculatorProxy.swift in Sources */,
				04C1C1EE1D43801E0029DA7C /* KeyboardKeyElements.swift in Sources */,
				040764001D43512600DFBD0F /* KeyboardCollectionViewController.swift in Sources */,
				0456C9D01D43441B009095A0 /* Model.swift in Sources */,
				0475AAA71D40E85600080EE8 /* DisplayCollectionViewCell.swift in Sources */,
				04423E871D40A8A30049C6F2 /* KeyboardCollectionView.swift in Sources */,
				04C44F591D409C0600D32644 /* ViewController.swift in Sources */,
				0483D3BD1D4364E2006DA600 /* CalculatorCommands.swift in Sources */,
				0456C9D41D4344A0009095A0 /* ModelFactory.swift in Sources */,
				0456C9CE1D433B75009095A0 /* KeyboardKeyElement.swift in Sources */,
				04423EC71D40ACEA0049C6F2 /* KeyCollectionViewCell.swift in Sources */,
				04C44F571D409C0600D32644 /* AppDelegate.swift in Sources */,
			);
			runOnlyForDeploymentPostprocessing = 0;
		};
		04C44F631D409C0700D32644 /* Sources */ = {
			isa = PBXSourcesBuildPhase;
			buildActionMask = 2147483647;
			files = (
				04C44F6C1D409C0700D32644 /* CalculatorTests.swift in Sources */,
				0456C9D51D4345E7009095A0 /* Model.swift in Sources */,
			);
			runOnlyForDeploymentPostprocessing = 0;
		};
		04C44F6E1D409C0700D32644 /* Sources */ = {
			isa = PBXSourcesBuildPhase;
			buildActionMask = 2147483647;
			files = (
				04C44F771D409C0700D32644 /* CalculatorUITests.swift in Sources */,
			);
			runOnlyForDeploymentPostprocessing = 0;
		};
/* End PBXSourcesBuildPhase section */

/* Begin PBXTargetDependency section */
		0483D3A61D435F4D006DA600 /* PBXTargetDependency */ = {
			isa = PBXTargetDependency;
			target = 0483D39F1D435F4D006DA600 /* CalculatorKeyboard */;
			targetProxy = 0483D3A51D435F4D006DA600 /* PBXContainerItemProxy */;
		};
		04C44F691D409C0700D32644 /* PBXTargetDependency */ = {
			isa = PBXTargetDependency;
			target = 04C44F521D409C0600D32644 /* Calculator */;
			targetProxy = 04C44F681D409C0700D32644 /* PBXContainerItemProxy */;
		};
		04C44F741D409C0700D32644 /* PBXTargetDependency */ = {
			isa = PBXTargetDependency;
			target = 04C44F521D409C0600D32644 /* Calculator */;
			targetProxy = 04C44F731D409C0700D32644 /* PBXContainerItemProxy */;
		};
/* End PBXTargetDependency section */

/* Begin PBXVariantGroup section */
		04C44F5A1D409C0600D32644 /* Main.storyboard */ = {
			isa = PBXVariantGroup;
			children = (
				04C44F5B1D409C0600D32644 /* Base */,
			);
			name = Main.storyboard;
			sourceTree = "<group>";
		};
		04C44F5F1D409C0700D32644 /* LaunchScreen.storyboard */ = {
			isa = PBXVariantGroup;
			children = (
				04C44F601D409C0700D32644 /* Base */,
			);
			name = LaunchScreen.storyboard;
			sourceTree = "<group>";
		};
/* End PBXVariantGroup section */

/* Begin XCBuildConfiguration section */
		0483D3A91D435F4D006DA600 /* Debug */ = {
			isa = XCBuildConfiguration;
			buildSettings = {
				APPLICATION_EXTENSION_API_ONLY = YES;
				FRAMEWORK_SEARCH_PATHS = (
					"$(inherited)",
					"$(PROJECT_DIR)",
				);
				INFOPLIST_FILE = CalculatorKeyboard/Info.plist;
				LD_RUNPATH_SEARCH_PATHS = "$(inherited) @executable_path/Frameworks @executable_path/../../Frameworks";
				PRODUCT_BUNDLE_IDENTIFIER = com.home.Calculator.CalculatorKeyboard;
				PRODUCT_NAME = "$(TARGET_NAME)";
				SKIP_INSTALL = YES;
			};
			name = Debug;
		};
		0483D3AA1D435F4D006DA600 /* Release */ = {
			isa = XCBuildConfiguration;
			buildSettings = {
				APPLICATION_EXTENSION_API_ONLY = YES;
				FRAMEWORK_SEARCH_PATHS = (
					"$(inherited)",
					"$(PROJECT_DIR)",
				);
				INFOPLIST_FILE = CalculatorKeyboard/Info.plist;
				LD_RUNPATH_SEARCH_PATHS = "$(inherited) @executable_path/Frameworks @executable_path/../../Frameworks";
				PRODUCT_BUNDLE_IDENTIFIER = com.home.Calculator.CalculatorKeyboard;
				PRODUCT_NAME = "$(TARGET_NAME)";
				SKIP_INSTALL = YES;
			};
			name = Release;
		};
		04C44F791D409C0700D32644 /* Debug */ = {
			isa = XCBuildConfiguration;
			buildSettings = {
				ALWAYS_SEARCH_USER_PATHS = NO;
				CLANG_ANALYZER_NONNULL = YES;
				CLANG_CXX_LANGUAGE_STANDARD = "gnu++0x";
				CLANG_CXX_LIBRARY = "libc++";
				CLANG_ENABLE_MODULES = YES;
				CLANG_ENABLE_OBJC_ARC = YES;
				CLANG_WARN_BOOL_CONVERSION = YES;
				CLANG_WARN_CONSTANT_CONVERSION = YES;
				CLANG_WARN_DIRECT_OBJC_ISA_USAGE = YES_ERROR;
				CLANG_WARN_EMPTY_BODY = YES;
				CLANG_WARN_ENUM_CONVERSION = YES;
				CLANG_WARN_INT_CONVERSION = YES;
				CLANG_WARN_OBJC_ROOT_CLASS = YES_ERROR;
				CLANG_WARN_UNREACHABLE_CODE = YES;
				CLANG_WARN__DUPLICATE_METHOD_MATCH = YES;
				"CODE_SIGN_IDENTITY[sdk=iphoneos*]" = "iPhone Developer";
				COPY_PHASE_STRIP = NO;
				DEBUG_INFORMATION_FORMAT = dwarf;
				EMBEDDED_CONTENT_CONTAINS_SWIFT = NO;
				ENABLE_STRICT_OBJC_MSGSEND = YES;
				ENABLE_TESTABILITY = YES;
				GCC_C_LANGUAGE_STANDARD = gnu99;
				GCC_DYNAMIC_NO_PIC = NO;
				GCC_NO_COMMON_BLOCKS = YES;
				GCC_OPTIMIZATION_LEVEL = 0;
				GCC_PREPROCESSOR_DEFINITIONS = (
					"DEBUG=1",
					"$(inherited)",
				);
				GCC_WARN_64_TO_32_BIT_CONVERSION = YES;
				GCC_WARN_ABOUT_RETURN_TYPE = YES_ERROR;
				GCC_WARN_UNDECLARED_SELECTOR = YES;
				GCC_WARN_UNINITIALIZED_AUTOS = YES_AGGRESSIVE;
				GCC_WARN_UNUSED_FUNCTION = YES;
				GCC_WARN_UNUSED_VARIABLE = YES;
				IPHONEOS_DEPLOYMENT_TARGET = 9.3;
				LD_RUNPATH_SEARCH_PATHS = "";
				MTL_ENABLE_DEBUG_INFO = YES;
				ONLY_ACTIVE_ARCH = YES;
				SDKROOT = iphoneos;
				SWIFT_OPTIMIZATION_LEVEL = "-Onone";
				TARGETED_DEVICE_FAMILY = "1,2";
			};
			name = Debug;
		};
		04C44F7A1D409C0700D32644 /* Release */ = {
			isa = XCBuildConfiguration;
			buildSettings = {
				ALWAYS_SEARCH_USER_PATHS = NO;
				CLANG_ANALYZER_NONNULL = YES;
				CLANG_CXX_LANGUAGE_STANDARD = "gnu++0x";
				CLANG_CXX_LIBRARY = "libc++";
				CLANG_ENABLE_MODULES = YES;
				CLANG_ENABLE_OBJC_ARC = YES;
				CLANG_WARN_BOOL_CONVERSION = YES;
				CLANG_WARN_CONSTANT_CONVERSION = YES;
				CLANG_WARN_DIRECT_OBJC_ISA_USAGE = YES_ERROR;
				CLANG_WARN_EMPTY_BODY = YES;
				CLANG_WARN_ENUM_CONVERSION = YES;
				CLANG_WARN_INT_CONVERSION = YES;
				CLANG_WARN_OBJC_ROOT_CLASS = YES_ERROR;
				CLANG_WARN_UNREACHABLE_CODE = YES;
				CLANG_WARN__DUPLICATE_METHOD_MATCH = YES;
				"CODE_SIGN_IDENTITY[sdk=iphoneos*]" = "iPhone Developer";
				COPY_PHASE_STRIP = NO;
				DEBUG_INFORMATION_FORMAT = "dwarf-with-dsym";
				EMBEDDED_CONTENT_CONTAINS_SWIFT = NO;
				ENABLE_NS_ASSERTIONS = NO;
				ENABLE_STRICT_OBJC_MSGSEND = YES;
				GCC_C_LANGUAGE_STANDARD = gnu99;
				GCC_NO_COMMON_BLOCKS = YES;
				GCC_WARN_64_TO_32_BIT_CONVERSION = YES;
				GCC_WARN_ABOUT_RETURN_TYPE = YES_ERROR;
				GCC_WARN_UNDECLARED_SELECTOR = YES;
				GCC_WARN_UNINITIALIZED_AUTOS = YES_AGGRESSIVE;
				GCC_WARN_UNUSED_FUNCTION = YES;
				GCC_WARN_UNUSED_VARIABLE = YES;
				IPHONEOS_DEPLOYMENT_TARGET = 9.3;
				LD_RUNPATH_SEARCH_PATHS = "";
				MTL_ENABLE_DEBUG_INFO = NO;
				SDKROOT = iphoneos;
				TARGETED_DEVICE_FAMILY = "1,2";
				VALIDATE_PRODUCT = YES;
			};
			name = Release;
		};
		04C44F7C1D409C0700D32644 /* Debug */ = {
			isa = XCBuildConfiguration;
			buildSettings = {
				ASSETCATALOG_COMPILER_APPICON_NAME = AppIcon;
				EMBEDDED_CONTENT_CONTAINS_SWIFT = YES;
				FRAMEWORK_SEARCH_PATHS = (
					"$(inherited)",
					"$(PROJECT_DIR)",
				);
				INFOPLIST_FILE = Calculator/Info.plist;
				LD_RUNPATH_SEARCH_PATHS = "$(inherited) @executable_path/Frameworks";
				PRODUCT_BUNDLE_IDENTIFIER = com.home.Calculator;
				PRODUCT_NAME = "$(TARGET_NAME)";
			};
			name = Debug;
		};
		04C44F7D1D409C0700D32644 /* Release */ = {
			isa = XCBuildConfiguration;
			buildSettings = {
				ASSETCATALOG_COMPILER_APPICON_NAME = AppIcon;
				EMBEDDED_CONTENT_CONTAINS_SWIFT = YES;
				FRAMEWORK_SEARCH_PATHS = (
					"$(inherited)",
					"$(PROJECT_DIR)",
				);
				INFOPLIST_FILE = Calculator/Info.plist;
				LD_RUNPATH_SEARCH_PATHS = "$(inherited) @executable_path/Frameworks";
				PRODUCT_BUNDLE_IDENTIFIER = com.home.Calculator;
				PRODUCT_NAME = "$(TARGET_NAME)";
			};
			name = Release;
		};
		04C44F7F1D409C0700D32644 /* Debug */ = {
			isa = XCBuildConfiguration;
			buildSettings = {
				BUNDLE_LOADER = "$(TEST_HOST)";
				INFOPLIST_FILE = CalculatorTests/Info.plist;
				LD_RUNPATH_SEARCH_PATHS = "$(inherited) @executable_path/Frameworks @loader_path/Frameworks";
				PRODUCT_BUNDLE_IDENTIFIER = com.home.CalculatorTests;
				PRODUCT_NAME = "$(TARGET_NAME)";
				TEST_HOST = "$(BUILT_PRODUCTS_DIR)/Calculator.app/Calculator";
			};
			name = Debug;
		};
		04C44F801D409C0700D32644 /* Release */ = {
			isa = XCBuildConfiguration;
			buildSettings = {
				BUNDLE_LOADER = "$(TEST_HOST)";
				INFOPLIST_FILE = CalculatorTests/Info.plist;
				LD_RUNPATH_SEARCH_PATHS = "$(inherited) @executable_path/Frameworks @loader_path/Frameworks";
				PRODUCT_BUNDLE_IDENTIFIER = com.home.CalculatorTests;
				PRODUCT_NAME = "$(TARGET_NAME)";
				TEST_HOST = "$(BUILT_PRODUCTS_DIR)/Calculator.app/Calculator";
			};
			name = Release;
		};
		04C44F821D409C0700D32644 /* Debug */ = {
			isa = XCBuildConfiguration;
			buildSettings = {
				INFOPLIST_FILE = CalculatorUITests/Info.plist;
				LD_RUNPATH_SEARCH_PATHS = "$(inherited) @executable_path/Frameworks @loader_path/Frameworks";
				PRODUCT_BUNDLE_IDENTIFIER = com.home.CalculatorUITests;
				PRODUCT_NAME = "$(TARGET_NAME)";
				TEST_TARGET_NAME = Calculator;
			};
			name = Debug;
		};
		04C44F831D409C0700D32644 /* Release */ = {
			isa = XCBuildConfiguration;
			buildSettings = {
				INFOPLIST_FILE = CalculatorUITests/Info.plist;
				LD_RUNPATH_SEARCH_PATHS = "$(inherited) @executable_path/Frameworks @loader_path/Frameworks";
				PRODUCT_BUNDLE_IDENTIFIER = com.home.CalculatorUITests;
				PRODUCT_NAME = "$(TARGET_NAME)";
				TEST_TARGET_NAME = Calculator;
			};
			name = Release;
		};
/* End XCBuildConfiguration section */

/* Begin XCConfigurationList section */
		0483D3AB1D435F4D006DA600 /* Build configuration list for PBXNativeTarget "CalculatorKeyboard" */ = {
			isa = XCConfigurationList;
			buildConfigurations = (
				0483D3A91D435F4D006DA600 /* Debug */,
				0483D3AA1D435F4D006DA600 /* Release */,
			);
			defaultConfigurationIsVisible = 0;
			defaultConfigurationName = Release;
		};
		04C44F4E1D409C0600D32644 /* Build configuration list for PBXProject "Calculator" */ = {
			isa = XCConfigurationList;
			buildConfigurations = (
				04C44F791D409C0700D32644 /* Debug */,
				04C44F7A1D409C0700D32644 /* Release */,
			);
			defaultConfigurationIsVisible = 0;
			defaultConfigurationName = Release;
		};
		04C44F7B1D409C0700D32644 /* Build configuration list for PBXNativeTarget "Calculator" */ = {
			isa = XCConfigurationList;
			buildConfigurations = (
				04C44F7C1D409C0700D32644 /* Debug */,
				04C44F7D1D409C0700D32644 /* Release */,
			);
			defaultConfigurationIsVisible = 0;
			defaultConfigurationName = Release;
		};
		04C44F7E1D409C0700D32644 /* Build configuration list for PBXNativeTarget "CalculatorTests" */ = {
			isa = XCConfigurationList;
			buildConfigurations = (
				04C44F7F1D409C0700D32644 /* Debug */,
				04C44F801D409C0700D32644 /* Release */,
			);
			defaultConfigurationIsVisible = 0;
			defaultConfigurationName = Release;
		};
		04C44F811D409C0700D32644 /* Build configuration list for PBXNativeTarget "CalculatorUITests" */ = {
			isa = XCConfigurationList;
			buildConfigurations = (
				04C44F821D409C0700D32644 /* Debug */,
				04C44F831D409C0700D32644 /* Release */,
			);
			defaultConfigurationIsVisible = 0;
			defaultConfigurationName = Release;
		};
/* End XCConfigurationList section */
	};
	rootObject = 04C44F4B1D409C0600D32644 /* Project object */;
}
